
Microsoft Visual Studio Solution File, Format Version 12.00
# Visual Studio Version 16
VisualStudioVersion = 16.0.31105.61
MinimumVisualStudioVersion = 10.0.40219.1
Project("{FAE04EC0-301F-11D3-BF4B-00C04F79EFBC}") = "Z_Kütüphane", "Z_Kütüphane\Z_Kütüphane.csproj", "{1785FB61-216D-4777-99D7-504C6F0EF3DA}"
EndProject
Project("{2150E333-8FDC-42A3-9474-1A3956D46DE8}") = "Solution Items", "Solution Items", "{7C867EF6-E560-4CD8-B09D-374D1BDDB154}"
	ProjectSection(SolutionItems) = preProject
		.editorconfig = .editorconfig
	EndProjectSection
EndProject
Global
	GlobalSection(SolutionConfigurationPlatforms) = preSolution
		Debug|Any CPU = Debug|Any CPU
		Release|Any CPU = Release|Any CPU
	EndGlobalSection
	GlobalSection(ProjectConfigurationPlatforms) = postSolution
		{1785FB61-216D-4777-99D7-504C6F0EF3DA}.Debug|Any CPU.ActiveCfg = Debug|Any CPU
		{1785FB61-216D-4777-99D7-504C6F0EF3DA}.Debug|Any CPU.Build.0 = Debug|Any CPU
		{1785FB61-216D-4777-99D7-504C6F0EF3DA}.Release|Any CPU.ActiveCfg = Release|Any CPU
		{1785FB61-216D-4777-99D7-504C6F0EF3DA}.Release|Any CPU.Build.0 = Release|Any CPU
	EndGlobalSection
	GlobalSection(SolutionProperties) = preSolution
		HideSolutionNode = FALSE
	EndGlobalSection
	GlobalSection(ExtensibilityGlobals) = postSolution
		SolutionGuid = {13BF1E43-DF4C-4096-B0F2-23F78C9A96BD}
	EndGlobalSection
EndGlobal
